# Generated by pub
# See https://dart.dev/tools/pub/glossary#lockfile
packages:
  async:
    dependency: "direct main"
    description:
      name: async
      url: "https://pub.dartlang.org"
    source: hosted
    version: "2.7.0"
  clock:
    dependency: transitive
    description:
      name: clock
      url: "https://pub.dartlang.org"
    source: hosted
    version: "1.1.0"
  collection:
    dependency: transitive
    description:
      name: collection
      url: "https://pub.dartlang.org"
    source: hosted
    version: "1.15.0"
  fake_async:
    dependency: "direct dev"
    description:
      name: fake_async
      url: "https://pub.dartlang.org"
    source: hosted
    version: "1.2.0"
  matcher:
    dependency: "direct dev"
    description:
      name: matcher
      url: "https://pub.dartlang.org"
    source: hosted
    version: "0.12.10"
  meta:
    dependency: "direct main"
    description:
      name: meta
      url: "https://pub.dartlang.org"
    source: hosted
    version: "1.4.0"
  path:
    dependency: transitive
    description:
      name: path
      url: "https://pub.dartlang.org"
    source: hosted
    version: "1.8.0"
  stack_trace:
    dependency: "direct main"
    description:
      name: stack_trace
      url: "https://pub.dartlang.org"
    source: hosted
    version: "1.10.0"
sdks:
  dart: ">=2.12.0 <3.0.0"
